
Microsoft Visual Studio Solution File, Format Version 12.00
# Visual Studio Version 16
VisualStudioVersion = 16.0.33027.164
MinimumVisualStudioVersion = 10.0.40219.1
Project("{FAE04EC0-301F-11D3-BF4B-00C04F79EFBC}") = "WebApplication1", "WebApplication1\WebApplication1.csproj", "{9BD7584E-6B8C-4EA4-B15E-BA6237925CFF}"
EndProject
Global
	GlobalSection(SolutionConfigurationPlatforms) = preSolution
		Debug|Any CPU = Debug|Any CPU
		Release|Any CPU = Release|Any CPU
	EndGlobalSection
	GlobalSection(ProjectConfigurationPlatforms) = postSolution
		{9BD7584E-6B8C-4EA4-B15E-BA6237925CFF}.Debug|Any CPU.ActiveCfg = Debug|Any CPU
		{9BD7584E-6B8C-4EA4-B15E-BA6237925CFF}.Debug|Any CPU.Build.0 = Debug|Any CPU
		{9BD7584E-6B8C-4EA4-B15E-BA6237925CFF}.Release|Any CPU.ActiveCfg = Release|Any CPU
		{9BD7584E-6B8C-4EA4-B15E-BA6237925CFF}.Release|Any CPU.Build.0 = Release|Any CPU
	EndGlobalSection
	GlobalSection(SolutionProperties) = preSolution
		HideSolutionNode = FALSE
	EndGlobalSection
	GlobalSection(ExtensibilityGlobals) = postSolution
		SolutionGuid = {45C638FE-4A45-4C35-993C-F390B2C4F0DB}
	EndGlobalSection
EndGlobal
